
Microsoft Visual Studio Solution File, Format Version 12.00
# Visual Studio Version 17
VisualStudioVersion = 17.0.31903.59
MinimumVisualStudioVersion = 10.0.40219.1
Project("{2150E333-8FDC-42A3-9474-1A3956D46DE8}") = "src", "src", "{09A9A514-166F-43C2-98EF-AB0CEF04CB9A}"
EndProject
Project("{9A19103F-16F7-4668-BE54-9A1E7A4F7556}") = "AuctionService", "src\AuctionService\AuctionService.csproj", "{7E49F185-2F88-44E7-A522-814E592C3658}"
EndProject
Project("{9A19103F-16F7-4668-BE54-9A1E7A4F7556}") = "SearchService", "src\SearchService\SearchService.csproj", "{61961985-BB2A-4F89-BE4C-64F1E8E0DF4B}"
EndProject
Project("{9A19103F-16F7-4668-BE54-9A1E7A4F7556}") = "Contracts", "src\Contracts\Contracts.csproj", "{804EE4EE-971F-4ACC-8A5B-5356AB622C87}"
EndProject
Project("{9A19103F-16F7-4668-BE54-9A1E7A4F7556}") = "IdentityService", "src\IdentityService\IdentityService.csproj", "{7A1C825E-1763-43C7-AB54-FD70D29B4A0B}"
EndProject
Project("{9A19103F-16F7-4668-BE54-9A1E7A4F7556}") = "GatewayService", "src\GatewayService\GatewayService.csproj", "{3EBCF651-C66E-4F23-9E9F-C7650FB691C4}"
EndProject
Project("{E53339B2-1760-4266-BCC7-CA923CBCF16C}") = "docker-compose", "docker-compose.dcproj", "{65AA319B-2A54-4BA3-8211-3473192F9EA1}"
EndProject
Project("{2150E333-8FDC-42A3-9474-1A3956D46DE8}") = "tests", "tests", "{48803679-DF2D-4026-ACF9-51109860BB92}"
EndProject
Project("{9A19103F-16F7-4668-BE54-9A1E7A4F7556}") = "AuctionService.UnitTests", "tests\AuctionService.UnitTests\AuctionService.UnitTests.csproj", "{480E55E6-9033-4473-A497-C0E508AFA316}"
EndProject
Project("{9A19103F-16F7-4668-BE54-9A1E7A4F7556}") = "AuctionService.IntegrationTests", "tests\AuctionService.IntegrationTests\AuctionService.IntegrationTests.csproj", "{3437925B-2F64-4318-B6FA-38E747D1B7CA}"
EndProject
Project("{9A19103F-16F7-4668-BE54-9A1E7A4F7556}") = "BiddingService", "src\BiddingService\BiddingService.csproj", "{1102597C-89A9-40C8-8317-93E2CADBE5E7}"
EndProject
Global
	GlobalSection(SolutionConfigurationPlatforms) = preSolution
		Debug|Any CPU = Debug|Any CPU
		Release|Any CPU = Release|Any CPU
	EndGlobalSection
	GlobalSection(ProjectConfigurationPlatforms) = postSolution
		{7E49F185-2F88-44E7-A522-814E592C3658}.Debug|Any CPU.ActiveCfg = Debug|Any CPU
		{7E49F185-2F88-44E7-A522-814E592C3658}.Debug|Any CPU.Build.0 = Debug|Any CPU
		{7E49F185-2F88-44E7-A522-814E592C3658}.Release|Any CPU.ActiveCfg = Release|Any CPU
		{7E49F185-2F88-44E7-A522-814E592C3658}.Release|Any CPU.Build.0 = Release|Any CPU
		{61961985-BB2A-4F89-BE4C-64F1E8E0DF4B}.Debug|Any CPU.ActiveCfg = Debug|Any CPU
		{61961985-BB2A-4F89-BE4C-64F1E8E0DF4B}.Debug|Any CPU.Build.0 = Debug|Any CPU
		{61961985-BB2A-4F89-BE4C-64F1E8E0DF4B}.Release|Any CPU.ActiveCfg = Release|Any CPU
		{61961985-BB2A-4F89-BE4C-64F1E8E0DF4B}.Release|Any CPU.Build.0 = Release|Any CPU
		{804EE4EE-971F-4ACC-8A5B-5356AB622C87}.Debug|Any CPU.ActiveCfg = Debug|Any CPU
		{804EE4EE-971F-4ACC-8A5B-5356AB622C87}.Debug|Any CPU.Build.0 = Debug|Any CPU
		{804EE4EE-971F-4ACC-8A5B-5356AB622C87}.Release|Any CPU.ActiveCfg = Release|Any CPU
		{804EE4EE-971F-4ACC-8A5B-5356AB622C87}.Release|Any CPU.Build.0 = Release|Any CPU
		{7A1C825E-1763-43C7-AB54-FD70D29B4A0B}.Debug|Any CPU.ActiveCfg = Debug|Any CPU
		{7A1C825E-1763-43C7-AB54-FD70D29B4A0B}.Debug|Any CPU.Build.0 = Debug|Any CPU
		{7A1C825E-1763-43C7-AB54-FD70D29B4A0B}.Release|Any CPU.ActiveCfg = Release|Any CPU
		{7A1C825E-1763-43C7-AB54-FD70D29B4A0B}.Release|Any CPU.Build.0 = Release|Any CPU
		{3EBCF651-C66E-4F23-9E9F-C7650FB691C4}.Debug|Any CPU.ActiveCfg = Debug|Any CPU
		{3EBCF651-C66E-4F23-9E9F-C7650FB691C4}.Debug|Any CPU.Build.0 = Debug|Any CPU
		{3EBCF651-C66E-4F23-9E9F-C7650FB691C4}.Release|Any CPU.ActiveCfg = Release|Any CPU
		{3EBCF651-C66E-4F23-9E9F-C7650FB691C4}.Release|Any CPU.Build.0 = Release|Any CPU
		{65AA319B-2A54-4BA3-8211-3473192F9EA1}.Debug|Any CPU.ActiveCfg = Debug|Any CPU
		{65AA319B-2A54-4BA3-8211-3473192F9EA1}.Debug|Any CPU.Build.0 = Debug|Any CPU
		{65AA319B-2A54-4BA3-8211-3473192F9EA1}.Release|Any CPU.ActiveCfg = Release|Any CPU
		{65AA319B-2A54-4BA3-8211-3473192F9EA1}.Release|Any CPU.Build.0 = Release|Any CPU
		{480E55E6-9033-4473-A497-C0E508AFA316}.Debug|Any CPU.ActiveCfg = Debug|Any CPU
		{480E55E6-9033-4473-A497-C0E508AFA316}.Debug|Any CPU.Build.0 = Debug|Any CPU
		{480E55E6-9033-4473-A497-C0E508AFA316}.Release|Any CPU.ActiveCfg = Release|Any CPU
		{480E55E6-9033-4473-A497-C0E508AFA316}.Release|Any CPU.Build.0 = Release|Any CPU
		{3437925B-2F64-4318-B6FA-38E747D1B7CA}.Debug|Any CPU.ActiveCfg = Debug|Any CPU
		{3437925B-2F64-4318-B6FA-38E747D1B7CA}.Debug|Any CPU.Build.0 = Debug|Any CPU
		{3437925B-2F64-4318-B6FA-38E747D1B7CA}.Release|Any CPU.ActiveCfg = Release|Any CPU
		{3437925B-2F64-4318-B6FA-38E747D1B7CA}.Release|Any CPU.Build.0 = Release|Any CPU
		{1102597C-89A9-40C8-8317-93E2CADBE5E7}.Debug|Any CPU.ActiveCfg = Debug|Any CPU
		{1102597C-89A9-40C8-8317-93E2CADBE5E7}.Debug|Any CPU.Build.0 = Debug|Any CPU
		{1102597C-89A9-40C8-8317-93E2CADBE5E7}.Release|Any CPU.ActiveCfg = Release|Any CPU
		{1102597C-89A9-40C8-8317-93E2CADBE5E7}.Release|Any CPU.Build.0 = Release|Any CPU
	EndGlobalSection
	GlobalSection(SolutionProperties) = preSolution
		HideSolutionNode = FALSE
	EndGlobalSection
	GlobalSection(NestedProjects) = preSolution
		{7E49F185-2F88-44E7-A522-814E592C3658} = {09A9A514-166F-43C2-98EF-AB0CEF04CB9A}
		{61961985-BB2A-4F89-BE4C-64F1E8E0DF4B} = {09A9A514-166F-43C2-98EF-AB0CEF04CB9A}
		{804EE4EE-971F-4ACC-8A5B-5356AB622C87} = {09A9A514-166F-43C2-98EF-AB0CEF04CB9A}
		{7A1C825E-1763-43C7-AB54-FD70D29B4A0B} = {09A9A514-166F-43C2-98EF-AB0CEF04CB9A}
		{3EBCF651-C66E-4F23-9E9F-C7650FB691C4} = {09A9A514-166F-43C2-98EF-AB0CEF04CB9A}
		{480E55E6-9033-4473-A497-C0E508AFA316} = {48803679-DF2D-4026-ACF9-51109860BB92}
		{3437925B-2F64-4318-B6FA-38E747D1B7CA} = {48803679-DF2D-4026-ACF9-51109860BB92}
		{1102597C-89A9-40C8-8317-93E2CADBE5E7} = {09A9A514-166F-43C2-98EF-AB0CEF04CB9A}
	EndGlobalSection
	GlobalSection(ExtensibilityGlobals) = postSolution
		SolutionGuid = {D97BEC6A-8EF3-4726-AE14-B3A411DECB1D}
	EndGlobalSection
EndGlobal
